
Microsoft Visual Studio Solution File, Format Version 12.00
# Visual Studio 15
Project("{FAE04EC0-301F-11D3-BF4B-00C04F79EFBC}") = "Assembly-CSharp", "Assembly-CSharp.csproj", "{3BB9CC6F-A93B-67B6-EE8D-6332D378276A}"
EndProject
Project("{FAE04EC0-301F-11D3-BF4B-00C04F79EFBC}") = "Unity.XR.Interaction.Toolkit.Samples.ARStarterAssets", "Unity.XR.Interaction.Toolkit.Samples.ARStarterAssets.csproj", "{4D63551E-89A6-32D7-0AA7-10170B05EC78}"
EndProject
Project("{FAE04EC0-301F-11D3-BF4B-00C04F79EFBC}") = "Unity.XR.Interaction.Toolkit.Samples.ARStarterAssets.Editor", "Unity.XR.Interaction.Toolkit.Samples.ARStarterAssets.Editor.csproj", "{DCF452D2-3D9D-2A19-63AD-9917F2BA77A1}"
EndProject
Project("{FAE04EC0-301F-11D3-BF4B-00C04F79EFBC}") = "Unity.XR.Interaction.Toolkit.Samples.StarterAssets", "Unity.XR.Interaction.Toolkit.Samples.StarterAssets.csproj", "{55CC13AE-9FB7-ECBD-6136-32123866E685}"
EndProject
Project("{FAE04EC0-301F-11D3-BF4B-00C04F79EFBC}") = "Assembly-CSharp-Editor", "Assembly-CSharp-Editor.csproj", "{A53FE8B1-36E7-0ED9-486F-B90192996C3F}"
EndProject
Global
	GlobalSection(SolutionConfigurationPlatforms) = preSolution
		Debug|Any CPU = Debug|Any CPU
		Release|Any CPU = Release|Any CPU
	EndGlobalSection
	GlobalSection(ProjectConfigurationPlatforms) = postSolution
		{3BB9CC6F-A93B-67B6-EE8D-6332D378276A}.Debug|Any CPU.ActiveCfg = Debug|Any CPU
		{3BB9CC6F-A93B-67B6-EE8D-6332D378276A}.Debug|Any CPU.Build.0 = Debug|Any CPU
		{3BB9CC6F-A93B-67B6-EE8D-6332D378276A}.Release|Any CPU.ActiveCfg = Release|Any CPU
		{3BB9CC6F-A93B-67B6-EE8D-6332D378276A}.Release|Any CPU.Build.0 = Release|Any CPU
		{4D63551E-89A6-32D7-0AA7-10170B05EC78}.Debug|Any CPU.ActiveCfg = Debug|Any CPU
		{4D63551E-89A6-32D7-0AA7-10170B05EC78}.Debug|Any CPU.Build.0 = Debug|Any CPU
		{4D63551E-89A6-32D7-0AA7-10170B05EC78}.Release|Any CPU.ActiveCfg = Release|Any CPU
		{4D63551E-89A6-32D7-0AA7-10170B05EC78}.Release|Any CPU.Build.0 = Release|Any CPU
		{DCF452D2-3D9D-2A19-63AD-9917F2BA77A1}.Debug|Any CPU.ActiveCfg = Debug|Any CPU
		{DCF452D2-3D9D-2A19-63AD-9917F2BA77A1}.Debug|Any CPU.Build.0 = Debug|Any CPU
		{DCF452D2-3D9D-2A19-63AD-9917F2BA77A1}.Release|Any CPU.ActiveCfg = Release|Any CPU
		{DCF452D2-3D9D-2A19-63AD-9917F2BA77A1}.Release|Any CPU.Build.0 = Release|Any CPU
		{55CC13AE-9FB7-ECBD-6136-32123866E685}.Debug|Any CPU.ActiveCfg = Debug|Any CPU
		{55CC13AE-9FB7-ECBD-6136-32123866E685}.Debug|Any CPU.Build.0 = Debug|Any CPU
		{55CC13AE-9FB7-ECBD-6136-32123866E685}.Release|Any CPU.ActiveCfg = Release|Any CPU
		{55CC13AE-9FB7-ECBD-6136-32123866E685}.Release|Any CPU.Build.0 = Release|Any CPU
		{A53FE8B1-36E7-0ED9-486F-B90192996C3F}.Debug|Any CPU.ActiveCfg = Debug|Any CPU
		{A53FE8B1-36E7-0ED9-486F-B90192996C3F}.Debug|Any CPU.Build.0 = Debug|Any CPU
		{A53FE8B1-36E7-0ED9-486F-B90192996C3F}.Release|Any CPU.ActiveCfg = Release|Any CPU
		{A53FE8B1-36E7-0ED9-486F-B90192996C3F}.Release|Any CPU.Build.0 = Release|Any CPU
	EndGlobalSection
	GlobalSection(SolutionProperties) = preSolution
		HideSolutionNode = FALSE
	EndGlobalSection
EndGlobal
